
Microsoft Visual Studio Solution File, Format Version 12.00
# Visual Studio Version 16
VisualStudioVersion = 16.0.29806.167
MinimumVisualStudioVersion = 10.0.40219.1
Project("{FAE04EC0-301F-11D3-BF4B-00C04F79EFBC}") = "Orders", "Orders.csproj", "{AF189952-5384-493D-938A-1E96C69D7C6F}"
EndProject
Global
	GlobalSection(SolutionConfigurationPlatforms) = preSolution
		Debug|Any CPU = Debug|Any CPU
		Release|Any CPU = Release|Any CPU
	EndGlobalSection
	GlobalSection(ProjectConfigurationPlatforms) = postSolution
		{AF189952-5384-493D-938A-1E96C69D7C6F}.Debug|Any CPU.ActiveCfg = Debug|Any CPU
		{AF189952-5384-493D-938A-1E96C69D7C6F}.Debug|Any CPU.Build.0 = Debug|Any CPU
		{AF189952-5384-493D-938A-1E96C69D7C6F}.Release|Any CPU.ActiveCfg = Release|Any CPU
		{AF189952-5384-493D-938A-1E96C69D7C6F}.Release|Any CPU.Build.0 = Release|Any CPU
	EndGlobalSection
	GlobalSection(SolutionProperties) = preSolution
		HideSolutionNode = FALSE
	EndGlobalSection
	GlobalSection(ExtensibilityGlobals) = postSolution
		SolutionGuid = {9876495B-2913-4D43-9BF9-67642523085D}
	EndGlobalSection
EndGlobal
