
Microsoft Visual Studio Solution File, Format Version 12.00
# Visual Studio Version 16
VisualStudioVersion = 16.0.29806.167
MinimumVisualStudioVersion = 10.0.40219.1
Project("{FAE04EC0-301F-11D3-BF4B-00C04F79EFBC}") = "Caculator-WFA", "Caculator-WFA.csproj", "{238EFAF8-D95D-4C6C-83C3-DEF3C9EFF4C1}"
EndProject
Global
	GlobalSection(SolutionConfigurationPlatforms) = preSolution
		Debug|Any CPU = Debug|Any CPU
		Release|Any CPU = Release|Any CPU
	EndGlobalSection
	GlobalSection(ProjectConfigurationPlatforms) = postSolution
		{238EFAF8-D95D-4C6C-83C3-DEF3C9EFF4C1}.Debug|Any CPU.ActiveCfg = Debug|Any CPU
		{238EFAF8-D95D-4C6C-83C3-DEF3C9EFF4C1}.Debug|Any CPU.Build.0 = Debug|Any CPU
		{238EFAF8-D95D-4C6C-83C3-DEF3C9EFF4C1}.Release|Any CPU.ActiveCfg = Release|Any CPU
		{238EFAF8-D95D-4C6C-83C3-DEF3C9EFF4C1}.Release|Any CPU.Build.0 = Release|Any CPU
	EndGlobalSection
	GlobalSection(SolutionProperties) = preSolution
		HideSolutionNode = FALSE
	EndGlobalSection
	GlobalSection(ExtensibilityGlobals) = postSolution
		SolutionGuid = {143B8233-C2A7-4872-8F88-BCD5E5164976}
	EndGlobalSection
EndGlobal
